# @generated by Move, please check-in and do not edit manually.

[move]
version = 3
manifest_digest = "F68C30789EC0E043975F43A6EB3B9B02F4095DBD3FC3AC9532036F87E690C8BD"
deps_digest = "F9B494B64F0615AED0E98FC12A85B85ECD2BC5185C22D30E7F67786BB52E507C"
dependencies = [
  { id = "CetusClmm", name = "CetusClmm" },
  { id = "MoveStdlib", name = "MoveStdlib" },
  { id = "Sui", name = "Sui" },
  { id = "checkdot-sui-coin", name = "checkdot-sui-coin" },
]

[[move.package]]
id = "CetusClmm"
source = { git = "https://github.com/CetusProtocol/cetus-clmm-interface.git", rev = "mainnet-v1.26.0", subdir = "sui/cetus_clmm" }

dependencies = [
  { id = "IntegerMate", name = "IntegerMate" },
  { id = "MoveSTL", name = "MoveSTL" },
  { id = "Sui", name = "Sui" },
]

[[move.package]]
id = "IntegerMate"
source = { git = "https://github.com/CetusProtocol/integer-mate.git", rev = "mainnet-v1.23.1", subdir = "sui" }

dependencies = [
  { id = "Sui", name = "Sui" },
]

[[move.package]]
id = "MoveSTL"
source = { git = "https://github.com/CetusProtocol/move-stl.git", rev = "mainnet-v1.23.1", subdir = "sui" }

dependencies = [
  { id = "Sui", name = "Sui" },
]

[[move.package]]
id = "MoveStdlib"
source = { git = "https://github.com/MystenLabs/sui.git", rev = "mainnet-v1.39.4", subdir = "crates/sui-framework/packages/move-stdlib" }

[[move.package]]
id = "Sui"
source = { git = "https://github.com/MystenLabs/sui.git", rev = "mainnet-v1.39.4", subdir = "crates/sui-framework/packages/sui-framework" }

dependencies = [
  { id = "MoveStdlib", name = "MoveStdlib" },
]

[[move.package]]
id = "checkdot-sui-coin"
source = { git = "https://github.com/checkdot/CheckDot.SuiCoinContract.git", rev = "a2693a08616d390c46192c60e13b6a9b9507a439", subdir = "" }

dependencies = [
  { id = "MoveStdlib", name = "MoveStdlib" },
  { id = "Sui", name = "Sui" },
]

[move.toolchain-version]
compiler-version = "1.44.0"
edition = "2024.beta"
flavor = "sui"

[env]

[env.mainnet]
chain-id = "35834a8a"
original-published-id = "0xbf5582bcc572653f0e3cd96234daed75a7a9e1c8fa6bd3edab50a1ea2ddf8414"
latest-published-id = "0xbf5582bcc572653f0e3cd96234daed75a7a9e1c8fa6bd3edab50a1ea2ddf8414"
published-version = "1"
